
Microsoft Visual Studio Solution File, Format Version 12.00
# Visual Studio Version 16
VisualStudioVersion = 16.0.30225.117
MinimumVisualStudioVersion = 10.0.40219.1
Project("{FAE04EC0-301F-11D3-BF4B-00C04F79EFBC}") = "GUI_CalExpense", "GUI_CalExpense\GUI_CalExpense.csproj", "{2F7614BC-FA63-4065-A7C4-D9B4F3735969}"
EndProject
Global
	GlobalSection(SolutionConfigurationPlatforms) = preSolution
		Debug|Any CPU = Debug|Any CPU
		Release|Any CPU = Release|Any CPU
	EndGlobalSection
	GlobalSection(ProjectConfigurationPlatforms) = postSolution
		{2F7614BC-FA63-4065-A7C4-D9B4F3735969}.Debug|Any CPU.ActiveCfg = Debug|Any CPU
		{2F7614BC-FA63-4065-A7C4-D9B4F3735969}.Debug|Any CPU.Build.0 = Debug|Any CPU
		{2F7614BC-FA63-4065-A7C4-D9B4F3735969}.Release|Any CPU.ActiveCfg = Release|Any CPU
		{2F7614BC-FA63-4065-A7C4-D9B4F3735969}.Release|Any CPU.Build.0 = Release|Any CPU
	EndGlobalSection
	GlobalSection(SolutionProperties) = preSolution
		HideSolutionNode = FALSE
	EndGlobalSection
	GlobalSection(ExtensibilityGlobals) = postSolution
		SolutionGuid = {EE1FD34D-8BD4-4CD8-BE19-82EA9C86B75C}
	EndGlobalSection
EndGlobal
